schema: '2.0'
stages:
  test:
    cmd: python3 src/test.py
    deps:
    - path: data/model/model.joblib
      hash: md5
      md5: bb55e5ac50e7c613fd0d8e1bcbb734d1
      size: 4483
    - path: data/test.csv
      hash: md5
      md5: a87c7bb54ec1e8e3e225a6c9d6512aa0
      size: 2998
    - path: data/test_labels.csv
      hash: md5
      md5: f7dd532390fcfebde005221556a070ec
      size: 78
    - path: src/test.py
      hash: md5
      md5: bacd90f76c481924883a2a40a5f20590
      size: 768
    outs:
    - path: metrics/model_metrics.json
      hash: md5
      md5: 3f478f6010b98453cd5286afe9c20b58
      size: 120
  data_load:
    cmd: python3 src/data_load.py
    deps:
    - path: src/data_load.py
      hash: md5
      md5: 5e9aa95f4cd63025802e00664830f4b0
      size: 311
    outs:
    - path: data/input.csv
      hash: md5
      md5: 45109f850511f9474665f2c26f4c79f3
      size: 2470
    - path: data/output.csv
      hash: md5
      md5: 81b9fa498b568485eb1dd0eaaf0f84e9
      size: 302
  data_preprocess:
    cmd: python3 src/data_preprocess.py
    deps:
    - path: data/input.csv
      hash: md5
      md5: 45109f850511f9474665f2c26f4c79f3
      size: 2470
    - path: data/output.csv
      hash: md5
      md5: 81b9fa498b568485eb1dd0eaaf0f84e9
      size: 302
    - path: src/data_preprocess.py
      hash: md5
      md5: 8404180a1c0c18ca63b082025ce2b429
      size: 1216
    params:
      params.yaml:
        data_preprocess.random_state: 45789
        data_preprocess.test_size: 0.25
    outs:
    - path: data/model/scaler.joblib
      hash: md5
      md5: 6e2c8c809aacab510cdc83a58dde9be1
      size: 1095
    - path: data/test.csv
      hash: md5
      md5: a87c7bb54ec1e8e3e225a6c9d6512aa0
      size: 2998
    - path: data/test_labels.csv
      hash: md5
      md5: f7dd532390fcfebde005221556a070ec
      size: 78
    - path: data/train.csv
      hash: md5
      md5: 306b6a3a5930fe17e6f83ca3541da885
      size: 8785
    - path: data/train_labels.csv
      hash: md5
      md5: 284f8775cda20b75e60484641db5447e
      size: 226
  train:
    cmd: python3 src/train.py
    deps:
    - path: data/train.csv
      hash: md5
      md5: 306b6a3a5930fe17e6f83ca3541da885
      size: 8785
    - path: data/train_labels.csv
      hash: md5
      md5: 284f8775cda20b75e60484641db5447e
      size: 226
    - path: src/train.py
      hash: md5
      md5: f8f838af1e46bb50e9f94b90304afd6e
      size: 455
    params:
      params.yaml:
        train.gamma: scale
        train.kernel: rbf
    outs:
    - path: data/model/model.joblib
      hash: md5
      md5: bb55e5ac50e7c613fd0d8e1bcbb734d1
      size: 4483
