schema: '2.0'
stages:
  test:
    cmd: python3 src/test.py
    deps:
    - path: data/dados.csv
      md5: 820e4c673b0baf4877cc49aa031e3f1b
      size: 77
    - path: src/test.py
      md5: 3c1852af00aa9fb86276a8e2326d7ca3
      size: 371
    params:
      params.yaml:
        params.param1: parametro1
    outs:
    - path: data/generated.txt
      md5: 9ae2d37e0c55b646ab5953cb7cd460e6
      size: 108
  data_load:
    cmd: python3 src/data_load.py
    deps:
    - path: src/data_load.py
      hash: md5
      md5: 5e9aa95f4cd63025802e00664830f4b0
      size: 311
    outs:
    - path: data/input.csv
      hash: md5
      md5: 45109f850511f9474665f2c26f4c79f3
      size: 2470
    - path: data/output.csv
      hash: md5
      md5: 81b9fa498b568485eb1dd0eaaf0f84e9
      size: 302
  data_preprocess:
    cmd: python3 src/data_preprocess.py
    deps:
    - path: data/input.csv
      hash: md5
      md5: 45109f850511f9474665f2c26f4c79f3
      size: 2470
    - path: data/output.csv
      hash: md5
      md5: 81b9fa498b568485eb1dd0eaaf0f84e9
      size: 302
    - path: src/data_preprocess.py
      hash: md5
      md5: a568ef6e5079aef3d285a3e3b31694e1
      size: 938
    params:
      params.yaml:
        data_preprocess.random_state: 45789
        data_preprocess.test_size: 0.25
    outs:
    - path: data/model/scaler.joblib
      hash: md5
      md5: 6e2c8c809aacab510cdc83a58dde9be1
      size: 1095
